
Microsoft Visual Studio Solution File, Format Version 12.00
# Visual Studio 15
VisualStudioVersion = 15.0.27130.2036
MinimumVisualStudioVersion = 10.0.40219.1
Project("{FAE04EC0-301F-11D3-BF4B-00C04F79EFBC}") = "IntroToOOpCSharp", "IntroToOOpCSharp\IntroToOOpCSharp.csproj", "{9693009B-5D30-4909-9075-0BE96D3333F3}"
EndProject
Project("{FAE04EC0-301F-11D3-BF4B-00C04F79EFBC}") = "IntroCSharpOOP_2", "IntroCSharpOOP_2\IntroCSharpOOP_2.csproj", "{BBC93238-5CA3-47C0-BE45-25A8307D3994}"
EndProject
Global
	GlobalSection(SolutionConfigurationPlatforms) = preSolution
		Debug|Any CPU = Debug|Any CPU
		Release|Any CPU = Release|Any CPU
	EndGlobalSection
	GlobalSection(ProjectConfigurationPlatforms) = postSolution
		{9693009B-5D30-4909-9075-0BE96D3333F3}.Debug|Any CPU.ActiveCfg = Debug|Any CPU
		{9693009B-5D30-4909-9075-0BE96D3333F3}.Debug|Any CPU.Build.0 = Debug|Any CPU
		{9693009B-5D30-4909-9075-0BE96D3333F3}.Release|Any CPU.ActiveCfg = Release|Any CPU
		{9693009B-5D30-4909-9075-0BE96D3333F3}.Release|Any CPU.Build.0 = Release|Any CPU
		{BBC93238-5CA3-47C0-BE45-25A8307D3994}.Debug|Any CPU.ActiveCfg = Debug|Any CPU
		{BBC93238-5CA3-47C0-BE45-25A8307D3994}.Debug|Any CPU.Build.0 = Debug|Any CPU
		{BBC93238-5CA3-47C0-BE45-25A8307D3994}.Release|Any CPU.ActiveCfg = Release|Any CPU
		{BBC93238-5CA3-47C0-BE45-25A8307D3994}.Release|Any CPU.Build.0 = Release|Any CPU
	EndGlobalSection
	GlobalSection(SolutionProperties) = preSolution
		HideSolutionNode = FALSE
	EndGlobalSection
	GlobalSection(ExtensibilityGlobals) = postSolution
		SolutionGuid = {742934F6-E085-4F02-BB29-B324F597DCAA}
	EndGlobalSection
EndGlobal
