
Microsoft Visual Studio Solution File, Format Version 12.00
# Visual Studio 15
VisualStudioVersion = 15.0.27130.2036
MinimumVisualStudioVersion = 10.0.40219.1
Project("{FAE04EC0-301F-11D3-BF4B-00C04F79EFBC}") = "TeamBuilder", "TeamBuilder\TeamBuilder.csproj", "{C46B1D2A-0831-40BF-97C2-F8CDDE68A941}"
EndProject
Project("{FAE04EC0-301F-11D3-BF4B-00C04F79EFBC}") = "TeamBuilder.Data", "TeamBuilder.Data\TeamBuilder.Data.csproj", "{201DFAED-0E39-4FF0-A0C1-D23CB993D2F9}"
EndProject
Project("{FAE04EC0-301F-11D3-BF4B-00C04F79EFBC}") = "MapArray", "MapArray\MapArray.csproj", "{CCB2CC2F-011C-496C-9239-277CBB47B7E3}"
EndProject
Global
	GlobalSection(SolutionConfigurationPlatforms) = preSolution
		Debug|Any CPU = Debug|Any CPU
		Release|Any CPU = Release|Any CPU
	EndGlobalSection
	GlobalSection(ProjectConfigurationPlatforms) = postSolution
		{C46B1D2A-0831-40BF-97C2-F8CDDE68A941}.Debug|Any CPU.ActiveCfg = Debug|Any CPU
		{C46B1D2A-0831-40BF-97C2-F8CDDE68A941}.Debug|Any CPU.Build.0 = Debug|Any CPU
		{C46B1D2A-0831-40BF-97C2-F8CDDE68A941}.Release|Any CPU.ActiveCfg = Release|Any CPU
		{C46B1D2A-0831-40BF-97C2-F8CDDE68A941}.Release|Any CPU.Build.0 = Release|Any CPU
		{201DFAED-0E39-4FF0-A0C1-D23CB993D2F9}.Debug|Any CPU.ActiveCfg = Debug|Any CPU
		{201DFAED-0E39-4FF0-A0C1-D23CB993D2F9}.Debug|Any CPU.Build.0 = Debug|Any CPU
		{201DFAED-0E39-4FF0-A0C1-D23CB993D2F9}.Release|Any CPU.ActiveCfg = Release|Any CPU
		{201DFAED-0E39-4FF0-A0C1-D23CB993D2F9}.Release|Any CPU.Build.0 = Release|Any CPU
		{CCB2CC2F-011C-496C-9239-277CBB47B7E3}.Debug|Any CPU.ActiveCfg = Debug|Any CPU
		{CCB2CC2F-011C-496C-9239-277CBB47B7E3}.Debug|Any CPU.Build.0 = Debug|Any CPU
		{CCB2CC2F-011C-496C-9239-277CBB47B7E3}.Release|Any CPU.ActiveCfg = Release|Any CPU
		{CCB2CC2F-011C-496C-9239-277CBB47B7E3}.Release|Any CPU.Build.0 = Release|Any CPU
	EndGlobalSection
	GlobalSection(SolutionProperties) = preSolution
		HideSolutionNode = FALSE
	EndGlobalSection
	GlobalSection(ExtensibilityGlobals) = postSolution
		SolutionGuid = {239522EB-E38A-4F33-8BA8-AC0B9986D98B}
	EndGlobalSection
EndGlobal
